// !$*UTF8*$!
{
	archiveVersion = 1;
	classes = {
	};
	objectVersion = 46;
	objects = {

/* Begin PBXBuildFile section */
		0F166C201C84D89100F86CD8 /* AppDelegate.swift in Sources */ = {isa = PBXBuildFile; fileRef = 0F166C1F1C84D89100F86CD8 /* AppDelegate.swift */; };
		0F166C221C84D89100F86CD8 /* ViewController.swift in Sources */ = {isa = PBXBuildFile; fileRef = 0F166C211C84D89100F86CD8 /* ViewController.swift */; };
		0F166C251C84D89100F86CD8 /* Main.storyboard in Resources */ = {isa = PBXBuildFile; fileRef = 0F166C231C84D89100F86CD8 /* Main.storyboard */; };
		0F166C271C84D89100F86CD8 /* Assets.xcassets in Resources */ = {isa = PBXBuildFile; fileRef = 0F166C261C84D89100F86CD8 /* Assets.xcassets */; };
		0F166C2A1C84D89100F86CD8 /* LaunchScreen.storyboard in Resources */ = {isa = PBXBuildFile; fileRef = 0F166C281C84D89100F86CD8 /* LaunchScreen.storyboard */; };
		0F166C4E1C84DA1800F86CD8 /* .travis.yml in Resources */ = {isa = PBXBuildFile; fileRef = 0F166C4D1C84DA1800F86CD8 /* .travis.yml */; };
		0F166C521C84DB3200F86CD8 /* RomanNumeralConverter.swift in Sources */ = {isa = PBXBuildFile; fileRef = 0F166C511C84DB3200F86CD8 /* RomanNumeralConverter.swift */; };
		0F166C771C85066200F86CD8 /* RomanNumeralConverterUITests.swift in Sources */ = {isa = PBXBuildFile; fileRef = 0F166C761C85066200F86CD8 /* RomanNumeralConverterUITests.swift */; };
		0F166C851C85442E00F86CD8 /* RomanNumeralConverterTests.swift in Sources */ = {isa = PBXBuildFile; fileRef = 0F166C841C85442E00F86CD8 /* RomanNumeralConverterTests.swift */; };
		0F166C8D1C86214D00F86CD8 /* UIStrings.swift in Sources */ = {isa = PBXBuildFile; fileRef = 0F166C8C1C86214D00F86CD8 /* UIStrings.swift */; };
		0F166C8E1C86217400F86CD8 /* UIStrings.swift in Sources */ = {isa = PBXBuildFile; fileRef = 0F166C8C1C86214D00F86CD8 /* UIStrings.swift */; };
/* End PBXBuildFile section */

/* Begin PBXContainerItemProxy section */
		0F166C791C85066200F86CD8 /* PBXContainerItemProxy */ = {
			isa = PBXContainerItemProxy;
			containerPortal = 0F166C141C84D89100F86CD8 /* Project object */;
			proxyType = 1;
			remoteGlobalIDString = 0F166C1B1C84D89100F86CD8;
			remoteInfo = RomanNumeralConverter;
		};
		0F166C871C85442E00F86CD8 /* PBXContainerItemProxy */ = {
			isa = PBXContainerItemProxy;
			containerPortal = 0F166C141C84D89100F86CD8 /* Project object */;
			proxyType = 1;
			remoteGlobalIDString = 0F166C1B1C84D89100F86CD8;
			remoteInfo = RomanNumeralConverter;
		};
/* End PBXContainerItemProxy section */

/* Begin PBXFileReference section */
		0F166C1C1C84D89100F86CD8 /* RomanNumeralConverter.app */ = {isa = PBXFileReference; explicitFileType = wrapper.application; includeInIndex = 0; path = RomanNumeralConverter.app; sourceTree = BUILT_PRODUCTS_DIR; };
		0F166C1F1C84D89100F86CD8 /* AppDelegate.swift */ = {isa = PBXFileReference; lastKnownFileType = sourcecode.swift; path = AppDelegate.swift; sourceTree = "<group>"; };
		0F166C211C84D89100F86CD8 /* ViewController.swift */ = {isa = PBXFileReference; lastKnownFileType = sourcecode.swift; path = ViewController.swift; sourceTree = "<group>"; };
		0F166C241C84D89100F86CD8 /* Base */ = {isa = PBXFileReference; lastKnownFileType = file.storyboard; name = Base; path = Base.lproj/Main.storyboard; sourceTree = "<group>"; };
		0F166C261C84D89100F86CD8 /* Assets.xcassets */ = {isa = PBXFileReference; lastKnownFileType = folder.assetcatalog; path = Assets.xcassets; sourceTree = "<group>"; };
		0F166C291C84D89100F86CD8 /* Base */ = {isa = PBXFileReference; lastKnownFileType = file.storyboard; name = Base; path = Base.lproj/LaunchScreen.storyboard; sourceTree = "<group>"; };
		0F166C2B1C84D89100F86CD8 /* Info.plist */ = {isa = PBXFileReference; lastKnownFileType = text.plist.xml; path = Info.plist; sourceTree = "<group>"; };
		0F166C4D1C84DA1800F86CD8 /* .travis.yml */ = {isa = PBXFileReference; fileEncoding = 4; lastKnownFileType = text; name = .travis.yml; path = ../.travis.yml; sourceTree = "<group>"; };
		0F166C511C84DB3200F86CD8 /* RomanNumeralConverter.swift */ = {isa = PBXFileReference; fileEncoding = 4; lastKnownFileType = sourcecode.swift; path = RomanNumeralConverter.swift; sourceTree = "<group>"; };
		0F166C741C85066200F86CD8 /* RomanNumeralConverterUITests.xctest */ = {isa = PBXFileReference; explicitFileType = wrapper.cfbundle; includeInIndex = 0; path = RomanNumeralConverterUITests.xctest; sourceTree = BUILT_PRODUCTS_DIR; };
		0F166C761C85066200F86CD8 /* RomanNumeralConverterUITests.swift */ = {isa = PBXFileReference; lastKnownFileType = sourcecode.swift; path = RomanNumeralConverterUITests.swift; sourceTree = "<group>"; };
		0F166C781C85066200F86CD8 /* Info.plist */ = {isa = PBXFileReference; lastKnownFileType = text.plist.xml; path = Info.plist; sourceTree = "<group>"; };
		0F166C821C85442E00F86CD8 /* RomanNumeralConverterTests.xctest */ = {isa = PBXFileReference; explicitFileType = wrapper.cfbundle; includeInIndex = 0; path = RomanNumeralConverterTests.xctest; sourceTree = BUILT_PRODUCTS_DIR; };
		0F166C841C85442E00F86CD8 /* RomanNumeralConverterTests.swift */ = {isa = PBXFileReference; lastKnownFileType = sourcecode.swift; path = RomanNumeralConverterTests.swift; sourceTree = "<group>"; };
		0F166C861C85442E00F86CD8 /* Info.plist */ = {isa = PBXFileReference; lastKnownFileType = text.plist.xml; path = Info.plist; sourceTree = "<group>"; };
		0F166C8C1C86214D00F86CD8 /* UIStrings.swift */ = {isa = PBXFileReference; fileEncoding = 4; lastKnownFileType = sourcecode.swift; path = UIStrings.swift; sourceTree = "<group>"; };
/* End PBXFileReference section */

/* Begin PBXFrameworksBuildPhase section */
		0F166C191C84D89100F86CD8 /* Frameworks */ = {
			isa = PBXFrameworksBuildPhase;
			buildActionMask = 2147483647;
			files = (
			);
			runOnlyForDeploymentPostprocessing = 0;
		};
		0F166C711C85066200F86CD8 /* Frameworks */ = {
			isa = PBXFrameworksBuildPhase;
			buildActionMask = 2147483647;
			files = (
			);
			runOnlyForDeploymentPostprocessing = 0;
		};
		0F166C7F1C85442E00F86CD8 /* Frameworks */ = {
			isa = PBXFrameworksBuildPhase;
			buildActionMask = 2147483647;
			files = (
			);
			runOnlyForDeploymentPostprocessing = 0;
		};
/* End PBXFrameworksBuildPhase section */

/* Begin PBXGroup section */
		0F166C131C84D89100F86CD8 = {
			isa = PBXGroup;
			children = (
				0F166C1E1C84D89100F86CD8 /* RomanNumeralConverter */,
				0F166C751C85066200F86CD8 /* RomanNumeralConverterUITests */,
				0F166C831C85442E00F86CD8 /* RomanNumeralConverterTests */,
				0F166C1D1C84D89100F86CD8 /* Products */,
			);
			sourceTree = "<group>";
		};
		0F166C1D1C84D89100F86CD8 /* Products */ = {
			isa = PBXGroup;
			children = (
				0F166C1C1C84D89100F86CD8 /* RomanNumeralConverter.app */,
				0F166C741C85066200F86CD8 /* RomanNumeralConverterUITests.xctest */,
				0F166C821C85442E00F86CD8 /* RomanNumeralConverterTests.xctest */,
			);
			name = Products;
			sourceTree = "<group>";
		};
		0F166C1E1C84D89100F86CD8 /* RomanNumeralConverter */ = {
			isa = PBXGroup;
			children = (
				0F166C1F1C84D89100F86CD8 /* AppDelegate.swift */,
				0F166C211C84D89100F86CD8 /* ViewController.swift */,
				0F166C511C84DB3200F86CD8 /* RomanNumeralConverter.swift */,
				0F166C8C1C86214D00F86CD8 /* UIStrings.swift */,
				0F166C231C84D89100F86CD8 /* Main.storyboard */,
				0F166C261C84D89100F86CD8 /* Assets.xcassets */,
				0F166C281C84D89100F86CD8 /* LaunchScreen.storyboard */,
				0F166C2B1C84D89100F86CD8 /* Info.plist */,
				0F166C4D1C84DA1800F86CD8 /* .travis.yml */,
			);
			name = RomanNumeralConverter;
			path = "Roman Numeral Converter";
			sourceTree = "<group>";
		};
		0F166C751C85066200F86CD8 /* RomanNumeralConverterUITests */ = {
			isa = PBXGroup;
			children = (
				0F166C761C85066200F86CD8 /* RomanNumeralConverterUITests.swift */,
				0F166C781C85066200F86CD8 /* Info.plist */,
			);
			path = RomanNumeralConverterUITests;
			sourceTree = "<group>";
		};
		0F166C831C85442E00F86CD8 /* RomanNumeralConverterTests */ = {
			isa = PBXGroup;
			children = (
				0F166C841C85442E00F86CD8 /* RomanNumeralConverterTests.swift */,
				0F166C861C85442E00F86CD8 /* Info.plist */,
			);
			path = RomanNumeralConverterTests;
			sourceTree = "<group>";
		};
/* End PBXGroup section */

/* Begin PBXNativeTarget section */
		0F166C1B1C84D89100F86CD8 /* RomanNumeralConverter */ = {
			isa = PBXNativeTarget;
			buildConfigurationList = 0F166C441C84D89100F86CD8 /* Build configuration list for PBXNativeTarget "RomanNumeralConverter" */;
			buildPhases = (
				0F166C181C84D89100F86CD8 /* Sources */,
				0F166C191C84D89100F86CD8 /* Frameworks */,
				0F166C1A1C84D89100F86CD8 /* Resources */,
			);
			buildRules = (
			);
			dependencies = (
			);
			name = RomanNumeralConverter;
			productName = "Roman Numeral Converter";
			productReference = 0F166C1C1C84D89100F86CD8 /* RomanNumeralConverter.app */;
			productType = "com.apple.product-type.application";
		};
		0F166C731C85066200F86CD8 /* RomanNumeralConverterUITests */ = {
			isa = PBXNativeTarget;
			buildConfigurationList = 0F166C7B1C85066200F86CD8 /* Build configuration list for PBXNativeTarget "RomanNumeralConverterUITests" */;
			buildPhases = (
				0F166C701C85066200F86CD8 /* Sources */,
				0F166C711C85066200F86CD8 /* Frameworks */,
				0F166C721C85066200F86CD8 /* Resources */,
			);
			buildRules = (
			);
			dependencies = (
				0F166C7A1C85066200F86CD8 /* PBXTargetDependency */,
			);
			name = RomanNumeralConverterUITests;
			productName = RomanNumeralConverterUITests;
			productReference = 0F166C741C85066200F86CD8 /* RomanNumeralConverterUITests.xctest */;
			productType = "com.apple.product-type.bundle.ui-testing";
		};
		0F166C811C85442E00F86CD8 /* RomanNumeralConverterTests */ = {
			isa = PBXNativeTarget;
			buildConfigurationList = 0F166C891C85442E00F86CD8 /* Build configuration list for PBXNativeTarget "RomanNumeralConverterTests" */;
			buildPhases = (
				0F166C7E1C85442E00F86CD8 /* Sources */,
				0F166C7F1C85442E00F86CD8 /* Frameworks */,
				0F166C801C85442E00F86CD8 /* Resources */,
			);
			buildRules = (
			);
			dependencies = (
				0F166C881C85442E00F86CD8 /* PBXTargetDependency */,
			);
			name = RomanNumeralConverterTests;
			productName = RomanNumeralConverterTests;
			productReference = 0F166C821C85442E00F86CD8 /* RomanNumeralConverterTests.xctest */;
			productType = "com.apple.product-type.bundle.unit-test";
		};
/* End PBXNativeTarget section */

/* Begin PBXProject section */
		0F166C141C84D89100F86CD8 /* Project object */ = {
			isa = PBXProject;
			attributes = {
				LastSwiftUpdateCheck = 0720;
				LastUpgradeCheck = 0720;
				ORGANIZATIONNAME = "Chris McMeeking";
				TargetAttributes = {
					0F166C1B1C84D89100F86CD8 = {
						CreatedOnToolsVersion = 7.2.1;
					};
					0F166C731C85066200F86CD8 = {
						CreatedOnToolsVersion = 7.2.1;
						TestTargetID = 0F166C1B1C84D89100F86CD8;
					};
					0F166C811C85442E00F86CD8 = {
						CreatedOnToolsVersion = 7.2.1;
						TestTargetID = 0F166C1B1C84D89100F86CD8;
					};
				};
			};
			buildConfigurationList = 0F166C171C84D89100F86CD8 /* Build configuration list for PBXProject "RomanNumeralConverter" */;
			compatibilityVersion = "Xcode 3.2";
			developmentRegion = English;
			hasScannedForEncodings = 0;
			knownRegions = (
				en,
				Base,
			);
			mainGroup = 0F166C131C84D89100F86CD8;
			productRefGroup = 0F166C1D1C84D89100F86CD8 /* Products */;
			projectDirPath = "";
			projectRoot = "";
			targets = (
				0F166C1B1C84D89100F86CD8 /* RomanNumeralConverter */,
				0F166C731C85066200F86CD8 /* RomanNumeralConverterUITests */,
				0F166C811C85442E00F86CD8 /* RomanNumeralConverterTests */,
			);
		};
/* End PBXProject section */

/* Begin PBXResourcesBuildPhase section */
		0F166C1A1C84D89100F86CD8 /* Resources */ = {
			isa = PBXResourcesBuildPhase;
			buildActionMask = 2147483647;
			files = (
				0F166C2A1C84D89100F86CD8 /* LaunchScreen.storyboard in Resources */,
				0F166C271C84D89100F86CD8 /* Assets.xcassets in Resources */,
				0F166C4E1C84DA1800F86CD8 /* .travis.yml in Resources */,
				0F166C251C84D89100F86CD8 /* Main.storyboard in Resources */,
			);
			runOnlyForDeploymentPostprocessing = 0;
		};
		0F166C721C85066200F86CD8 /* Resources */ = {
			isa = PBXResourcesBuildPhase;
			buildActionMask = 2147483647;
			files = (
			);
			runOnlyForDeploymentPostprocessing = 0;
		};
		0F166C801C85442E00F86CD8 /* Resources */ = {
			isa = PBXResourcesBuildPhase;
			buildActionMask = 2147483647;
			files = (
			);
			runOnlyForDeploymentPostprocessing = 0;
		};
/* End PBXResourcesBuildPhase section */

/* Begin PBXSourcesBuildPhase section */
		0F166C181C84D89100F86CD8 /* Sources */ = {
			isa = PBXSourcesBuildPhase;
			buildActionMask = 2147483647;
			files = (
				0F166C221C84D89100F86CD8 /* ViewController.swift in Sources */,
				0F166C201C84D89100F86CD8 /* AppDelegate.swift in Sources */,
				0F166C8D1C86214D00F86CD8 /* UIStrings.swift in Sources */,
				0F166C521C84DB3200F86CD8 /* RomanNumeralConverter.swift in Sources */,
			);
			runOnlyForDeploymentPostprocessing = 0;
		};
		0F166C701C85066200F86CD8 /* Sources */ = {
			isa = PBXSourcesBuildPhase;
			buildActionMask = 2147483647;
			files = (
				0F166C8E1C86217400F86CD8 /* UIStrings.swift in Sources */,
				0F166C771C85066200F86CD8 /* RomanNumeralConverterUITests.swift in Sources */,
			);
			runOnlyForDeploymentPostprocessing = 0;
		};
		0F166C7E1C85442E00F86CD8 /* Sources */ = {
			isa = PBXSourcesBuildPhase;
			buildActionMask = 2147483647;
			files = (
				0F166C851C85442E00F86CD8 /* RomanNumeralConverterTests.swift in Sources */,
			);
			runOnlyForDeploymentPostprocessing = 0;
		};
/* End PBXSourcesBuildPhase section */

/* Begin PBXTargetDependency section */
		0F166C7A1C85066200F86CD8 /* PBXTargetDependency */ = {
			isa = PBXTargetDependency;
			target = 0F166C1B1C84D89100F86CD8 /* RomanNumeralConverter */;
			targetProxy = 0F166C791C85066200F86CD8 /* PBXContainerItemProxy */;
		};
		0F166C881C85442E00F86CD8 /* PBXTargetDependency */ = {
			isa = PBXTargetDependency;
			target = 0F166C1B1C84D89100F86CD8 /* RomanNumeralConverter */;
			targetProxy = 0F166C871C85442E00F86CD8 /* PBXContainerItemProxy */;
		};
/* End PBXTargetDependency section */

/* Begin PBXVariantGroup section */
		0F166C231C84D89100F86CD8 /* Main.storyboard */ = {
			isa = PBXVariantGroup;
			children = (
				0F166C241C84D89100F86CD8 /* Base */,
			);
			name = Main.storyboard;
			sourceTree = "<group>";
		};
		0F166C281C84D89100F86CD8 /* LaunchScreen.storyboard */ = {
			isa = PBXVariantGroup;
			children = (
				0F166C291C84D89100F86CD8 /* Base */,
			);
			name = LaunchScreen.storyboard;
			sourceTree = "<group>";
		};
/* End PBXVariantGroup section */

/* Begin XCBuildConfiguration section */
		0F166C421C84D89100F86CD8 /* Debug */ = {
			isa = XCBuildConfiguration;
			buildSettings = {
				ALWAYS_SEARCH_USER_PATHS = NO;
				CLANG_CXX_LANGUAGE_STANDARD = "gnu++0x";
				CLANG_CXX_LIBRARY = "libc++";
				CLANG_ENABLE_MODULES = YES;
				CLANG_ENABLE_OBJC_ARC = YES;
				CLANG_WARN_BOOL_CONVERSION = YES;
				CLANG_WARN_CONSTANT_CONVERSION = YES;
				CLANG_WARN_DIRECT_OBJC_ISA_USAGE = YES_ERROR;
				CLANG_WARN_EMPTY_BODY = YES;
				CLANG_WARN_ENUM_CONVERSION = YES;
				CLANG_WARN_INT_CONVERSION = YES;
				CLANG_WARN_OBJC_ROOT_CLASS = YES_ERROR;
				CLANG_WARN_UNREACHABLE_CODE = YES;
				CLANG_WARN__DUPLICATE_METHOD_MATCH = YES;
				"CODE_SIGN_IDENTITY[sdk=iphoneos*]" = "iPhone Developer";
				COPY_PHASE_STRIP = NO;
				DEBUG_INFORMATION_FORMAT = dwarf;
				ENABLE_STRICT_OBJC_MSGSEND = YES;
				ENABLE_TESTABILITY = YES;
				GCC_C_LANGUAGE_STANDARD = gnu99;
				GCC_DYNAMIC_NO_PIC = NO;
				GCC_NO_COMMON_BLOCKS = YES;
				GCC_OPTIMIZATION_LEVEL = 0;
				GCC_PREPROCESSOR_DEFINITIONS = (
					"DEBUG=1",
					"$(inherited)",
				);
				GCC_WARN_64_TO_32_BIT_CONVERSION = YES;
				GCC_WARN_ABOUT_RETURN_TYPE = YES_ERROR;
				GCC_WARN_UNDECLARED_SELECTOR = YES;
				GCC_WARN_UNINITIALIZED_AUTOS = YES_AGGRESSIVE;
				GCC_WARN_UNUSED_FUNCTION = YES;
				GCC_WARN_UNUSED_VARIABLE = YES;
				IPHONEOS_DEPLOYMENT_TARGET = 9.2;
				MTL_ENABLE_DEBUG_INFO = YES;
				ONLY_ACTIVE_ARCH = YES;
				SDKROOT = iphoneos;
				SWIFT_OPTIMIZATION_LEVEL = "-Onone";
				TARGETED_DEVICE_FAMILY = "1,2";
			};
			name = Debug;
		};
		0F166C431C84D89100F86CD8 /* Release */ = {
			isa = XCBuildConfiguration;
			buildSettings = {
				ALWAYS_SEARCH_USER_PATHS = NO;
				CLANG_CXX_LANGUAGE_STANDARD = "gnu++0x";
				CLANG_CXX_LIBRARY = "libc++";
				CLANG_ENABLE_MODULES = YES;
				CLANG_ENABLE_OBJC_ARC = YES;
				CLANG_WARN_BOOL_CONVERSION = YES;
				CLANG_WARN_CONSTANT_CONVERSION = YES;
				CLANG_WARN_DIRECT_OBJC_ISA_USAGE = YES_ERROR;
				CLANG_WARN_EMPTY_BODY = YES;
				CLANG_WARN_ENUM_CONVERSION = YES;
				CLANG_WARN_INT_CONVERSION = YES;
				CLANG_WARN_OBJC_ROOT_CLASS = YES_ERROR;
				CLANG_WARN_UNREACHABLE_CODE = YES;
				CLANG_WARN__DUPLICATE_METHOD_MATCH = YES;
				"CODE_SIGN_IDENTITY[sdk=iphoneos*]" = "iPhone Developer";
				COPY_PHASE_STRIP = NO;
				DEBUG_INFORMATION_FORMAT = "dwarf-with-dsym";
				ENABLE_NS_ASSERTIONS = NO;
				ENABLE_STRICT_OBJC_MSGSEND = YES;
				GCC_C_LANGUAGE_STANDARD = gnu99;
				GCC_NO_COMMON_BLOCKS = YES;
				GCC_WARN_64_TO_32_BIT_CONVERSION = YES;
				GCC_WARN_ABOUT_RETURN_TYPE = YES_ERROR;
				GCC_WARN_UNDECLARED_SELECTOR = YES;
				GCC_WARN_UNINITIALIZED_AUTOS = YES_AGGRESSIVE;
				GCC_WARN_UNUSED_FUNCTION = YES;
				GCC_WARN_UNUSED_VARIABLE = YES;
				IPHONEOS_DEPLOYMENT_TARGET = 9.2;
				MTL_ENABLE_DEBUG_INFO = NO;
				SDKROOT = iphoneos;
				TARGETED_DEVICE_FAMILY = "1,2";
				VALIDATE_PRODUCT = YES;
			};
			name = Release;
		};
		0F166C451C84D89100F86CD8 /* Debug */ = {
			isa = XCBuildConfiguration;
			buildSettings = {
				ASSETCATALOG_COMPILER_APPICON_NAME = AppIcon;
				INFOPLIST_FILE = "Roman Numeral Converter/Info.plist";
				LD_RUNPATH_SEARCH_PATHS = "$(inherited) @executable_path/Frameworks";
				PRODUCT_BUNDLE_IDENTIFIER = "com.chrismcmeeking.Roman-Numeral-Converter";
				PRODUCT_NAME = RomanNumeralConverter;
			};
			name = Debug;
		};
		0F166C461C84D89100F86CD8 /* Release */ = {
			isa = XCBuildConfiguration;
			buildSettings = {
				ASSETCATALOG_COMPILER_APPICON_NAME = AppIcon;
				INFOPLIST_FILE = "Roman Numeral Converter/Info.plist";
				LD_RUNPATH_SEARCH_PATHS = "$(inherited) @executable_path/Frameworks";
				PRODUCT_BUNDLE_IDENTIFIER = "com.chrismcmeeking.Roman-Numeral-Converter";
				PRODUCT_NAME = RomanNumeralConverter;
			};
			name = Release;
		};
		0F166C7C1C85066200F86CD8 /* Debug */ = {
			isa = XCBuildConfiguration;
			buildSettings = {
				INFOPLIST_FILE = RomanNumeralConverterUITests/Info.plist;
				LD_RUNPATH_SEARCH_PATHS = "$(inherited) @executable_path/Frameworks @loader_path/Frameworks";
				PRODUCT_BUNDLE_IDENTIFIER = com.chrismcmeeking.RomanNumeralConverterUITests;
				PRODUCT_NAME = "$(TARGET_NAME)";
				TEST_TARGET_NAME = RomanNumeralConverter;
				USES_XCTRUNNER = YES;
			};
			name = Debug;
		};
		0F166C7D1C85066200F86CD8 /* Release */ = {
			isa = XCBuildConfiguration;
			buildSettings = {
				INFOPLIST_FILE = RomanNumeralConverterUITests/Info.plist;
				LD_RUNPATH_SEARCH_PATHS = "$(inherited) @executable_path/Frameworks @loader_path/Frameworks";
				PRODUCT_BUNDLE_IDENTIFIER = com.chrismcmeeking.RomanNumeralConverterUITests;
				PRODUCT_NAME = "$(TARGET_NAME)";
				TEST_TARGET_NAME = RomanNumeralConverter;
				USES_XCTRUNNER = YES;
			};
			name = Release;
		};
		0F166C8A1C85442E00F86CD8 /* Debug */ = {
			isa = XCBuildConfiguration;
			buildSettings = {
				BUNDLE_LOADER = "$(TEST_HOST)";
				INFOPLIST_FILE = RomanNumeralConverterTests/Info.plist;
				LD_RUNPATH_SEARCH_PATHS = "$(inherited) @executable_path/Frameworks @loader_path/Frameworks";
				PRODUCT_BUNDLE_IDENTIFIER = com.chrismcmeeking.RomanNumeralConverterTests;
				PRODUCT_NAME = "$(TARGET_NAME)";
				TEST_HOST = "$(BUILT_PRODUCTS_DIR)/RomanNumeralConverter.app/RomanNumeralConverter";
			};
			name = Debug;
		};
		0F166C8B1C85442E00F86CD8 /* Release */ = {
			isa = XCBuildConfiguration;
			buildSettings = {
				BUNDLE_LOADER = "$(TEST_HOST)";
				INFOPLIST_FILE = RomanNumeralConverterTests/Info.plist;
				LD_RUNPATH_SEARCH_PATHS = "$(inherited) @executable_path/Frameworks @loader_path/Frameworks";
				PRODUCT_BUNDLE_IDENTIFIER = com.chrismcmeeking.RomanNumeralConverterTests;
				PRODUCT_NAME = "$(TARGET_NAME)";
				TEST_HOST = "$(BUILT_PRODUCTS_DIR)/RomanNumeralConverter.app/RomanNumeralConverter";
			};
			name = Release;
		};
/* End XCBuildConfiguration section */

/* Begin XCConfigurationList section */
		0F166C171C84D89100F86CD8 /* Build configuration list for PBXProject "RomanNumeralConverter" */ = {
			isa = XCConfigurationList;
			buildConfigurations = (
				0F166C421C84D89100F86CD8 /* Debug */,
				0F166C431C84D89100F86CD8 /* Release */,
			);
			defaultConfigurationIsVisible = 0;
			defaultConfigurationName = Release;
		};
		0F166C441C84D89100F86CD8 /* Build configuration list for PBXNativeTarget "RomanNumeralConverter" */ = {
			isa = XCConfigurationList;
			buildConfigurations = (
				0F166C451C84D89100F86CD8 /* Debug */,
				0F166C461C84D89100F86CD8 /* Release */,
			);
			defaultConfigurationIsVisible = 0;
			defaultConfigurationName = Release;
		};
		0F166C7B1C85066200F86CD8 /* Build configuration list for PBXNativeTarget "RomanNumeralConverterUITests" */ = {
			isa = XCConfigurationList;
			buildConfigurations = (
				0F166C7C1C85066200F86CD8 /* Debug */,
				0F166C7D1C85066200F86CD8 /* Release */,
			);
			defaultConfigurationIsVisible = 0;
			defaultConfigurationName = Release;
		};
		0F166C891C85442E00F86CD8 /* Build configuration list for PBXNativeTarget "RomanNumeralConverterTests" */ = {
			isa = XCConfigurationList;
			buildConfigurations = (
				0F166C8A1C85442E00F86CD8 /* Debug */,
				0F166C8B1C85442E00F86CD8 /* Release */,
			);
			defaultConfigurationIsVisible = 0;
			defaultConfigurationName = Release;
		};
/* End XCConfigurationList section */
	};
	rootObject = 0F166C141C84D89100F86CD8 /* Project object */;
}
